
Microsoft Visual Studio Solution File, Format Version 12.00
# Visual Studio Version 17
VisualStudioVersion = 17.10.35122.118
MinimumVisualStudioVersion = 10.0.40219.1
Project("{FAE04EC0-301F-11D3-BF4B-00C04F79EFBC}") = "job_candidate_hub_API", "job_candidate_hub_API\job_candidate_hub_API.csproj", "{CA73D986-863D-456A-B3C7-25424F02D9D7}"
EndProject
Global
	GlobalSection(SolutionConfigurationPlatforms) = preSolution
		Debug|Any CPU = Debug|Any CPU
		Release|Any CPU = Release|Any CPU
	EndGlobalSection
	GlobalSection(ProjectConfigurationPlatforms) = postSolution
		{CA73D986-863D-456A-B3C7-25424F02D9D7}.Debug|Any CPU.ActiveCfg = Debug|Any CPU
		{CA73D986-863D-456A-B3C7-25424F02D9D7}.Debug|Any CPU.Build.0 = Debug|Any CPU
		{CA73D986-863D-456A-B3C7-25424F02D9D7}.Release|Any CPU.ActiveCfg = Release|Any CPU
		{CA73D986-863D-456A-B3C7-25424F02D9D7}.Release|Any CPU.Build.0 = Release|Any CPU
	EndGlobalSection
	GlobalSection(SolutionProperties) = preSolution
		HideSolutionNode = FALSE
	EndGlobalSection
	GlobalSection(ExtensibilityGlobals) = postSolution
		SolutionGuid = {E2F4114D-5695-4BB8-BCD7-6D4FC0AB2BB0}
	EndGlobalSection
EndGlobal
